
Microsoft Visual Studio Solution File, Format Version 12.00
# Visual Studio Version 17
VisualStudioVersion = 17.0.31903.59
MinimumVisualStudioVersion = 10.0.40219.1
Project("{FAE04EC0-301F-11D3-BF4B-00C04F79EFBC}") = "McpNetDll.Tests", "McpNetDll.Tests\McpNetDll.Tests.csproj", "{30E39864-8F8D-4F4D-AC17-E8446FD5D624}"
EndProject
Project("{FAE04EC0-301F-11D3-BF4B-00C04F79EFBC}") = "McpNetDll", "McpNetDll\McpNetDll.csproj", "{E6C3C9F1-9593-4575-845B-B33EF5748694}"
EndProject
Project("{FAE04EC0-301F-11D3-BF4B-00C04F79EFBC}") = "MyTestLibrary", "MyTestLibrary\MyTestLibrary.csproj", "{36545BDF-D8A1-4B71-B410-7C8AB4A7A513}"
EndProject
Project("{FAE04EC0-301F-11D3-BF4B-00C04F79EFBC}") = "McpNetDll.Core", "McpNetDll.Core\McpNetDll.Core.csproj", "{D6A9554E-737B-4DA8-BA45-BA9C69A8750B}"
EndProject
Project("{FAE04EC0-301F-11D3-BF4B-00C04F79EFBC}") = "McpNetDll.Web", "McpNetDll.Web\McpNetDll.Web.csproj", "{ECE17B0E-49C1-4853-A08A-5B3A6B5A79FA}"
EndProject
Global
	GlobalSection(SolutionConfigurationPlatforms) = preSolution
		Debug|Any CPU = Debug|Any CPU
		Debug|x64 = Debug|x64
		Debug|x86 = Debug|x86
		Release|Any CPU = Release|Any CPU
		Release|x64 = Release|x64
		Release|x86 = Release|x86
	EndGlobalSection
	GlobalSection(ProjectConfigurationPlatforms) = postSolution
		{30E39864-8F8D-4F4D-AC17-E8446FD5D624}.Debug|Any CPU.ActiveCfg = Debug|Any CPU
		{30E39864-8F8D-4F4D-AC17-E8446FD5D624}.Debug|Any CPU.Build.0 = Debug|Any CPU
		{30E39864-8F8D-4F4D-AC17-E8446FD5D624}.Debug|x64.ActiveCfg = Debug|Any CPU
		{30E39864-8F8D-4F4D-AC17-E8446FD5D624}.Debug|x64.Build.0 = Debug|Any CPU
		{30E39864-8F8D-4F4D-AC17-E8446FD5D624}.Debug|x86.ActiveCfg = Debug|Any CPU
		{30E39864-8F8D-4F4D-AC17-E8446FD5D624}.Debug|x86.Build.0 = Debug|Any CPU
		{30E39864-8F8D-4F4D-AC17-E8446FD5D624}.Release|Any CPU.ActiveCfg = Release|Any CPU
		{30E39864-8F8D-4F4D-AC17-E8446FD5D624}.Release|Any CPU.Build.0 = Release|Any CPU
		{30E39864-8F8D-4F4D-AC17-E8446FD5D624}.Release|x64.ActiveCfg = Release|Any CPU
		{30E39864-8F8D-4F4D-AC17-E8446FD5D624}.Release|x64.Build.0 = Release|Any CPU
		{30E39864-8F8D-4F4D-AC17-E8446FD5D624}.Release|x86.ActiveCfg = Release|Any CPU
		{30E39864-8F8D-4F4D-AC17-E8446FD5D624}.Release|x86.Build.0 = Release|Any CPU
		{E6C3C9F1-9593-4575-845B-B33EF5748694}.Debug|Any CPU.ActiveCfg = Debug|Any CPU
		{E6C3C9F1-9593-4575-845B-B33EF5748694}.Debug|Any CPU.Build.0 = Debug|Any CPU
		{E6C3C9F1-9593-4575-845B-B33EF5748694}.Debug|x64.ActiveCfg = Debug|Any CPU
		{E6C3C9F1-9593-4575-845B-B33EF5748694}.Debug|x64.Build.0 = Debug|Any CPU
		{E6C3C9F1-9593-4575-845B-B33EF5748694}.Debug|x86.ActiveCfg = Debug|Any CPU
		{E6C3C9F1-9593-4575-845B-B33EF5748694}.Debug|x86.Build.0 = Debug|Any CPU
		{E6C3C9F1-9593-4575-845B-B33EF5748694}.Release|Any CPU.ActiveCfg = Release|Any CPU
		{E6C3C9F1-9593-4575-845B-B33EF5748694}.Release|Any CPU.Build.0 = Release|Any CPU
		{E6C3C9F1-9593-4575-845B-B33EF5748694}.Release|x64.ActiveCfg = Release|Any CPU
		{E6C3C9F1-9593-4575-845B-B33EF5748694}.Release|x64.Build.0 = Release|Any CPU
		{E6C3C9F1-9593-4575-845B-B33EF5748694}.Release|x86.ActiveCfg = Release|Any CPU
		{E6C3C9F1-9593-4575-845B-B33EF5748694}.Release|x86.Build.0 = Release|Any CPU
		{36545BDF-D8A1-4B71-B410-7C8AB4A7A513}.Debug|Any CPU.ActiveCfg = Debug|Any CPU
		{36545BDF-D8A1-4B71-B410-7C8AB4A7A513}.Debug|Any CPU.Build.0 = Debug|Any CPU
		{36545BDF-D8A1-4B71-B410-7C8AB4A7A513}.Debug|x64.ActiveCfg = Debug|Any CPU
		{36545BDF-D8A1-4B71-B410-7C8AB4A7A513}.Debug|x64.Build.0 = Debug|Any CPU
		{36545BDF-D8A1-4B71-B410-7C8AB4A7A513}.Debug|x86.ActiveCfg = Debug|Any CPU
		{36545BDF-D8A1-4B71-B410-7C8AB4A7A513}.Debug|x86.Build.0 = Debug|Any CPU
		{36545BDF-D8A1-4B71-B410-7C8AB4A7A513}.Release|Any CPU.ActiveCfg = Release|Any CPU
		{36545BDF-D8A1-4B71-B410-7C8AB4A7A513}.Release|Any CPU.Build.0 = Release|Any CPU
		{36545BDF-D8A1-4B71-B410-7C8AB4A7A513}.Release|x64.ActiveCfg = Release|Any CPU
		{36545BDF-D8A1-4B71-B410-7C8AB4A7A513}.Release|x64.Build.0 = Release|Any CPU
		{36545BDF-D8A1-4B71-B410-7C8AB4A7A513}.Release|x86.ActiveCfg = Release|Any CPU
		{36545BDF-D8A1-4B71-B410-7C8AB4A7A513}.Release|x86.Build.0 = Release|Any CPU
		{D6A9554E-737B-4DA8-BA45-BA9C69A8750B}.Debug|Any CPU.ActiveCfg = Debug|Any CPU
		{D6A9554E-737B-4DA8-BA45-BA9C69A8750B}.Debug|Any CPU.Build.0 = Debug|Any CPU
		{D6A9554E-737B-4DA8-BA45-BA9C69A8750B}.Debug|x64.ActiveCfg = Debug|Any CPU
		{D6A9554E-737B-4DA8-BA45-BA9C69A8750B}.Debug|x64.Build.0 = Debug|Any CPU
		{D6A9554E-737B-4DA8-BA45-BA9C69A8750B}.Debug|x86.ActiveCfg = Debug|Any CPU
		{D6A9554E-737B-4DA8-BA45-BA9C69A8750B}.Debug|x86.Build.0 = Debug|Any CPU
		{D6A9554E-737B-4DA8-BA45-BA9C69A8750B}.Release|Any CPU.ActiveCfg = Release|Any CPU
		{D6A9554E-737B-4DA8-BA45-BA9C69A8750B}.Release|Any CPU.Build.0 = Release|Any CPU
		{D6A9554E-737B-4DA8-BA45-BA9C69A8750B}.Release|x64.ActiveCfg = Release|Any CPU
		{D6A9554E-737B-4DA8-BA45-BA9C69A8750B}.Release|x64.Build.0 = Release|Any CPU
		{D6A9554E-737B-4DA8-BA45-BA9C69A8750B}.Release|x86.ActiveCfg = Release|Any CPU
		{D6A9554E-737B-4DA8-BA45-BA9C69A8750B}.Release|x86.Build.0 = Release|Any CPU
		{ECE17B0E-49C1-4853-A08A-5B3A6B5A79FA}.Debug|Any CPU.ActiveCfg = Debug|Any CPU
		{ECE17B0E-49C1-4853-A08A-5B3A6B5A79FA}.Debug|Any CPU.Build.0 = Debug|Any CPU
		{ECE17B0E-49C1-4853-A08A-5B3A6B5A79FA}.Debug|x64.ActiveCfg = Debug|Any CPU
		{ECE17B0E-49C1-4853-A08A-5B3A6B5A79FA}.Debug|x64.Build.0 = Debug|Any CPU
		{ECE17B0E-49C1-4853-A08A-5B3A6B5A79FA}.Debug|x86.ActiveCfg = Debug|Any CPU
		{ECE17B0E-49C1-4853-A08A-5B3A6B5A79FA}.Debug|x86.Build.0 = Debug|Any CPU
		{ECE17B0E-49C1-4853-A08A-5B3A6B5A79FA}.Release|Any CPU.ActiveCfg = Release|Any CPU
		{ECE17B0E-49C1-4853-A08A-5B3A6B5A79FA}.Release|Any CPU.Build.0 = Release|Any CPU
		{ECE17B0E-49C1-4853-A08A-5B3A6B5A79FA}.Release|x64.ActiveCfg = Release|Any CPU
		{ECE17B0E-49C1-4853-A08A-5B3A6B5A79FA}.Release|x64.Build.0 = Release|Any CPU
		{ECE17B0E-49C1-4853-A08A-5B3A6B5A79FA}.Release|x86.ActiveCfg = Release|Any CPU
		{ECE17B0E-49C1-4853-A08A-5B3A6B5A79FA}.Release|x86.Build.0 = Release|Any CPU
	EndGlobalSection
	GlobalSection(SolutionProperties) = preSolution
		HideSolutionNode = FALSE
	EndGlobalSection
EndGlobal
